
Microsoft Visual Studio Solution File, Format Version 12.00
# Visual Studio Version 16
VisualStudioVersion = 16.0.30517.126
MinimumVisualStudioVersion = 10.0.40219.1
Project("{FAE04EC0-301F-11D3-BF4B-00C04F79EFBC}") = "FirstApp.Android", "FirstApp\FirstApp.Android\FirstApp.Android.csproj", "{A7AB2FED-53C3-46B9-9028-D98BEA821D1B}"
EndProject
Project("{FAE04EC0-301F-11D3-BF4B-00C04F79EFBC}") = "FirstApp.iOS", "FirstApp\FirstApp.iOS\FirstApp.iOS.csproj", "{73619DEB-3E58-42D8-96BB-5E2865AEF88C}"
EndProject
Project("{FAE04EC0-301F-11D3-BF4B-00C04F79EFBC}") = "FirstApp", "FirstApp\FirstApp\FirstApp.csproj", "{6678EFB7-FB41-4D7F-8945-F423C46DE0EB}"
EndProject
Global
	GlobalSection(SolutionConfigurationPlatforms) = preSolution
		Debug|Any CPU = Debug|Any CPU
		Debug|iPhone = Debug|iPhone
		Debug|iPhoneSimulator = Debug|iPhoneSimulator
		Release|Any CPU = Release|Any CPU
		Release|iPhone = Release|iPhone
		Release|iPhoneSimulator = Release|iPhoneSimulator
	EndGlobalSection
	GlobalSection(ProjectConfigurationPlatforms) = postSolution
		{A7AB2FED-53C3-46B9-9028-D98BEA821D1B}.Debug|Any CPU.ActiveCfg = Debug|Any CPU
		{A7AB2FED-53C3-46B9-9028-D98BEA821D1B}.Debug|Any CPU.Build.0 = Debug|Any CPU
		{A7AB2FED-53C3-46B9-9028-D98BEA821D1B}.Debug|Any CPU.Deploy.0 = Debug|Any CPU
		{A7AB2FED-53C3-46B9-9028-D98BEA821D1B}.Debug|iPhone.ActiveCfg = Debug|Any CPU
		{A7AB2FED-53C3-46B9-9028-D98BEA821D1B}.Debug|iPhone.Build.0 = Debug|Any CPU
		{A7AB2FED-53C3-46B9-9028-D98BEA821D1B}.Debug|iPhone.Deploy.0 = Debug|Any CPU
		{A7AB2FED-53C3-46B9-9028-D98BEA821D1B}.Debug|iPhoneSimulator.ActiveCfg = Debug|Any CPU
		{A7AB2FED-53C3-46B9-9028-D98BEA821D1B}.Debug|iPhoneSimulator.Build.0 = Debug|Any CPU
		{A7AB2FED-53C3-46B9-9028-D98BEA821D1B}.Debug|iPhoneSimulator.Deploy.0 = Debug|Any CPU
		{A7AB2FED-53C3-46B9-9028-D98BEA821D1B}.Release|Any CPU.ActiveCfg = Release|Any CPU
		{A7AB2FED-53C3-46B9-9028-D98BEA821D1B}.Release|Any CPU.Build.0 = Release|Any CPU
		{A7AB2FED-53C3-46B9-9028-D98BEA821D1B}.Release|Any CPU.Deploy.0 = Release|Any CPU
		{A7AB2FED-53C3-46B9-9028-D98BEA821D1B}.Release|iPhone.ActiveCfg = Release|Any CPU
		{A7AB2FED-53C3-46B9-9028-D98BEA821D1B}.Release|iPhone.Build.0 = Release|Any CPU
		{A7AB2FED-53C3-46B9-9028-D98BEA821D1B}.Release|iPhone.Deploy.0 = Release|Any CPU
		{A7AB2FED-53C3-46B9-9028-D98BEA821D1B}.Release|iPhoneSimulator.ActiveCfg = Release|Any CPU
		{A7AB2FED-53C3-46B9-9028-D98BEA821D1B}.Release|iPhoneSimulator.Build.0 = Release|Any CPU
		{A7AB2FED-53C3-46B9-9028-D98BEA821D1B}.Release|iPhoneSimulator.Deploy.0 = Release|Any CPU
		{73619DEB-3E58-42D8-96BB-5E2865AEF88C}.Debug|Any CPU.ActiveCfg = Debug|iPhone
		{73619DEB-3E58-42D8-96BB-5E2865AEF88C}.Debug|Any CPU.Build.0 = Debug|iPhone
		{73619DEB-3E58-42D8-96BB-5E2865AEF88C}.Debug|Any CPU.Deploy.0 = Debug|iPhone
		{73619DEB-3E58-42D8-96BB-5E2865AEF88C}.Debug|iPhone.ActiveCfg = Debug|iPhone
		{73619DEB-3E58-42D8-96BB-5E2865AEF88C}.Debug|iPhone.Build.0 = Debug|iPhone
		{73619DEB-3E58-42D8-96BB-5E2865AEF88C}.Debug|iPhone.Deploy.0 = Debug|iPhone
		{73619DEB-3E58-42D8-96BB-5E2865AEF88C}.Debug|iPhoneSimulator.ActiveCfg = Debug|iPhoneSimulator
		{73619DEB-3E58-42D8-96BB-5E2865AEF88C}.Debug|iPhoneSimulator.Build.0 = Debug|iPhoneSimulator
		{73619DEB-3E58-42D8-96BB-5E2865AEF88C}.Debug|iPhoneSimulator.Deploy.0 = Debug|iPhoneSimulator
		{73619DEB-3E58-42D8-96BB-5E2865AEF88C}.Release|Any CPU.ActiveCfg = Release|iPhoneSimulator
		{73619DEB-3E58-42D8-96BB-5E2865AEF88C}.Release|Any CPU.Build.0 = Release|iPhoneSimulator
		{73619DEB-3E58-42D8-96BB-5E2865AEF88C}.Release|Any CPU.Deploy.0 = Release|iPhoneSimulator
		{73619DEB-3E58-42D8-96BB-5E2865AEF88C}.Release|iPhone.ActiveCfg = Release|iPhone
		{73619DEB-3E58-42D8-96BB-5E2865AEF88C}.Release|iPhone.Build.0 = Release|iPhone
		{73619DEB-3E58-42D8-96BB-5E2865AEF88C}.Release|iPhone.Deploy.0 = Release|iPhone
		{73619DEB-3E58-42D8-96BB-5E2865AEF88C}.Release|iPhoneSimulator.ActiveCfg = Release|iPhoneSimulator
		{73619DEB-3E58-42D8-96BB-5E2865AEF88C}.Release|iPhoneSimulator.Build.0 = Release|iPhoneSimulator
		{73619DEB-3E58-42D8-96BB-5E2865AEF88C}.Release|iPhoneSimulator.Deploy.0 = Release|iPhoneSimulator
		{6678EFB7-FB41-4D7F-8945-F423C46DE0EB}.Debug|Any CPU.ActiveCfg = Debug|Any CPU
		{6678EFB7-FB41-4D7F-8945-F423C46DE0EB}.Debug|Any CPU.Build.0 = Debug|Any CPU
		{6678EFB7-FB41-4D7F-8945-F423C46DE0EB}.Debug|Any CPU.Deploy.0 = Debug|Any CPU
		{6678EFB7-FB41-4D7F-8945-F423C46DE0EB}.Debug|iPhone.ActiveCfg = Debug|Any CPU
		{6678EFB7-FB41-4D7F-8945-F423C46DE0EB}.Debug|iPhone.Build.0 = Debug|Any CPU
		{6678EFB7-FB41-4D7F-8945-F423C46DE0EB}.Debug|iPhone.Deploy.0 = Debug|Any CPU
		{6678EFB7-FB41-4D7F-8945-F423C46DE0EB}.Debug|iPhoneSimulator.ActiveCfg = Debug|Any CPU
		{6678EFB7-FB41-4D7F-8945-F423C46DE0EB}.Debug|iPhoneSimulator.Build.0 = Debug|Any CPU
		{6678EFB7-FB41-4D7F-8945-F423C46DE0EB}.Debug|iPhoneSimulator.Deploy.0 = Debug|Any CPU
		{6678EFB7-FB41-4D7F-8945-F423C46DE0EB}.Release|Any CPU.ActiveCfg = Release|Any CPU
		{6678EFB7-FB41-4D7F-8945-F423C46DE0EB}.Release|Any CPU.Build.0 = Release|Any CPU
		{6678EFB7-FB41-4D7F-8945-F423C46DE0EB}.Release|Any CPU.Deploy.0 = Release|Any CPU
		{6678EFB7-FB41-4D7F-8945-F423C46DE0EB}.Release|iPhone.ActiveCfg = Release|Any CPU
		{6678EFB7-FB41-4D7F-8945-F423C46DE0EB}.Release|iPhone.Build.0 = Release|Any CPU
		{6678EFB7-FB41-4D7F-8945-F423C46DE0EB}.Release|iPhone.Deploy.0 = Release|Any CPU
		{6678EFB7-FB41-4D7F-8945-F423C46DE0EB}.Release|iPhoneSimulator.ActiveCfg = Release|Any CPU
		{6678EFB7-FB41-4D7F-8945-F423C46DE0EB}.Release|iPhoneSimulator.Build.0 = Release|Any CPU
		{6678EFB7-FB41-4D7F-8945-F423C46DE0EB}.Release|iPhoneSimulator.Deploy.0 = Release|Any CPU
	EndGlobalSection
	GlobalSection(SolutionProperties) = preSolution
		HideSolutionNode = FALSE
	EndGlobalSection
	GlobalSection(ExtensibilityGlobals) = postSolution
		SolutionGuid = {B9103F5B-CE86-4F41-80CE-FE5A83FEDBA0}
	EndGlobalSection
EndGlobal
